
Microsoft Visual Studio Solution File, Format Version 12.00
# Visual Studio Version 17
VisualStudioVersion = 17.8.34601.278
MinimumVisualStudioVersion = 10.0.40219.1
Project("{8BC9CEB8-8B4A-11D0-8D11-00A0C91BC942}") = "CarWithSensor_BackForGroundThreads_MC", "CarWithSensor_BackForGroundThreads_MC.vcxproj", "{DCCBD108-326E-4DD2-8999-E5BAC154A78B}"
EndProject
Global
	GlobalSection(SolutionConfigurationPlatforms) = preSolution
		Debug|x64 = Debug|x64
		Debug|x86 = Debug|x86
		Release|x64 = Release|x64
		Release|x86 = Release|x86
	EndGlobalSection
	GlobalSection(ProjectConfigurationPlatforms) = postSolution
		{DCCBD108-326E-4DD2-8999-E5BAC154A78B}.Debug|x64.ActiveCfg = Debug|x64
		{DCCBD108-326E-4DD2-8999-E5BAC154A78B}.Debug|x64.Build.0 = Debug|x64
		{DCCBD108-326E-4DD2-8999-E5BAC154A78B}.Debug|x86.ActiveCfg = Debug|Win32
		{DCCBD108-326E-4DD2-8999-E5BAC154A78B}.Debug|x86.Build.0 = Debug|Win32
		{DCCBD108-326E-4DD2-8999-E5BAC154A78B}.Release|x64.ActiveCfg = Release|x64
		{DCCBD108-326E-4DD2-8999-E5BAC154A78B}.Release|x64.Build.0 = Release|x64
		{DCCBD108-326E-4DD2-8999-E5BAC154A78B}.Release|x86.ActiveCfg = Release|Win32
		{DCCBD108-326E-4DD2-8999-E5BAC154A78B}.Release|x86.Build.0 = Release|Win32
	EndGlobalSection
	GlobalSection(SolutionProperties) = preSolution
		HideSolutionNode = FALSE
	EndGlobalSection
	GlobalSection(ExtensibilityGlobals) = postSolution
		SolutionGuid = {14A87175-6AEC-45E9-B48E-C8485A29368E}
	EndGlobalSection
EndGlobal
