
Microsoft Visual Studio Solution File, Format Version 12.00
# Visual Studio Version 17
VisualStudioVersion = 17.8.34601.278
MinimumVisualStudioVersion = 10.0.40219.1
Project("{8BC9CEB8-8B4A-11D0-8D11-00A0C91BC942}") = "const_constexpr_1", "const_constexpr_1.vcxproj", "{FF28C741-59DE-45AF-862C-D77396A65A67}"
EndProject
Global
	GlobalSection(SolutionConfigurationPlatforms) = preSolution
		Debug|x64 = Debug|x64
		Debug|x86 = Debug|x86
		Release|x64 = Release|x64
		Release|x86 = Release|x86
	EndGlobalSection
	GlobalSection(ProjectConfigurationPlatforms) = postSolution
		{FF28C741-59DE-45AF-862C-D77396A65A67}.Debug|x64.ActiveCfg = Debug|x64
		{FF28C741-59DE-45AF-862C-D77396A65A67}.Debug|x64.Build.0 = Debug|x64
		{FF28C741-59DE-45AF-862C-D77396A65A67}.Debug|x86.ActiveCfg = Debug|Win32
		{FF28C741-59DE-45AF-862C-D77396A65A67}.Debug|x86.Build.0 = Debug|Win32
		{FF28C741-59DE-45AF-862C-D77396A65A67}.Release|x64.ActiveCfg = Release|x64
		{FF28C741-59DE-45AF-862C-D77396A65A67}.Release|x64.Build.0 = Release|x64
		{FF28C741-59DE-45AF-862C-D77396A65A67}.Release|x86.ActiveCfg = Release|Win32
		{FF28C741-59DE-45AF-862C-D77396A65A67}.Release|x86.Build.0 = Release|Win32
	EndGlobalSection
	GlobalSection(SolutionProperties) = preSolution
		HideSolutionNode = FALSE
	EndGlobalSection
	GlobalSection(ExtensibilityGlobals) = postSolution
		SolutionGuid = {EC0F0494-34F2-48B3-80ED-043546F27040}
	EndGlobalSection
EndGlobal
