
Microsoft Visual Studio Solution File, Format Version 12.00
# Visual Studio Version 17
VisualStudioVersion = 17.8.34601.278
MinimumVisualStudioVersion = 10.0.40219.1
Project("{8BC9CEB8-8B4A-11D0-8D11-00A0C91BC942}") = "Lambda_Visit_Variant_1", "Lambda_Visit_Variant_1.vcxproj", "{1F904EDE-5053-41FA-BF43-8E47620A3DE3}"
EndProject
Global
	GlobalSection(SolutionConfigurationPlatforms) = preSolution
		Debug|x64 = Debug|x64
		Debug|x86 = Debug|x86
		Release|x64 = Release|x64
		Release|x86 = Release|x86
	EndGlobalSection
	GlobalSection(ProjectConfigurationPlatforms) = postSolution
		{1F904EDE-5053-41FA-BF43-8E47620A3DE3}.Debug|x64.ActiveCfg = Debug|x64
		{1F904EDE-5053-41FA-BF43-8E47620A3DE3}.Debug|x64.Build.0 = Debug|x64
		{1F904EDE-5053-41FA-BF43-8E47620A3DE3}.Debug|x86.ActiveCfg = Debug|Win32
		{1F904EDE-5053-41FA-BF43-8E47620A3DE3}.Debug|x86.Build.0 = Debug|Win32
		{1F904EDE-5053-41FA-BF43-8E47620A3DE3}.Release|x64.ActiveCfg = Release|x64
		{1F904EDE-5053-41FA-BF43-8E47620A3DE3}.Release|x64.Build.0 = Release|x64
		{1F904EDE-5053-41FA-BF43-8E47620A3DE3}.Release|x86.ActiveCfg = Release|Win32
		{1F904EDE-5053-41FA-BF43-8E47620A3DE3}.Release|x86.Build.0 = Release|Win32
	EndGlobalSection
	GlobalSection(SolutionProperties) = preSolution
		HideSolutionNode = FALSE
	EndGlobalSection
	GlobalSection(ExtensibilityGlobals) = postSolution
		SolutionGuid = {61044521-877F-4426-9322-F33D6AD3BE36}
	EndGlobalSection
EndGlobal
